{
  "name": "openclaw-supabase",
  "version": "1.0.0",
  "lockfileVersion": 3,
  "requires": true,
  "packages": {
    "": {
      "name": "openclaw-supabase",
      "version": "1.0.0",
      "license": "MIT",
      "workspaces": [
        "packages/*"
      ]
    },
    "node_modules/@prbelief/db-admin": {
      "resolved": "packages/db-admin",
      "link": true
    },
    "node_modules/@prbelief/vector-memory": {
      "resolved": "packages/vector-memory",
      "link": true
    },
    "node_modules/typescript": {
      "version": "5.9.3",
      "resolved": "https://registry.npmjs.org/typescript/-/typescript-5.9.3.tgz",
      "integrity": "sha512-jl1vZzPDinLr9eUt3J/t7V6FgNEw9QjvBPdysz9KfQDD41fQrC2Y4vKQdiaUpFT4bXlb1RHhLpp8wtm6M5TgSw==",
      "dev": true,
      "license": "Apache-2.0",
      "bin": {
        "tsc": "bin/tsc",
        "tsserver": "bin/tsserver"
      },
      "engines": {
        "node": ">=14.17"
      }
    },
    "packages/db-admin": {
      "name": "@prbelief/db-admin",
      "version": "1.0.0",
      "license": "MIT",
      "devDependencies": {
        "typescript": "^5.4.0"
      },
      "engines": {
        "node": ">=18.0.0"
      }
    },
    "packages/vector-memory": {
      "name": "@prbelief/vector-memory",
      "version": "1.0.0",
      "license": "MIT",
      "devDependencies": {
        "typescript": "^5.4.0"
      },
      "engines": {
        "node": ">=18.0.0"
      }
    }
  }
}
